// !$*UTF8*$!
{
	archiveVersion = 1;
	classes = {
	};
	objectVersion = 56;
	objects = {

/* Begin PBXBuildFile section */
		A11111111111111111111111 /* FileToPDFApp.swift in Sources */ = {isa = PBXBuildFile; fileRef = A22222222222222222222222 /* FileToPDFApp.swift */; };
		A11111111111111111111112 /* ContentView.swift in Sources */ = {isa = PBXBuildFile; fileRef = A22222222222222222222223 /* ContentView.swift */; };
		A11111111111111111111113 /* Assets.xcassets in Resources */ = {isa = PBXBuildFile; fileRef = A22222222222222222222224 /* Assets.xcassets */; };
		A11111111111111111111114 /* Config.swift in Sources */ = {isa = PBXBuildFile; fileRef = A22222222222222222222225 /* Config.swift */; };
		A11111111111111111111115 /* Conversion.swift in Sources */ = {isa = PBXBuildFile; fileRef = A22222222222222222222226 /* Conversion.swift */; };
		A11111111111111111111116 /* APIService.swift in Sources */ = {isa = PBXBuildFile; fileRef = A22222222222222222222227 /* APIService.swift */; };
		A11111111111111111111117 /* FileService.swift in Sources */ = {isa = PBXBuildFile; fileRef = A22222222222222222222228 /* FileService.swift */; };
		A11111111111111111111118 /* ConversionViewModel.swift in Sources */ = {isa = PBXBuildFile; fileRef = A22222222222222222222229 /* ConversionViewModel.swift */; };
		A11111111111111111111119 /* ConvertView.swift in Sources */ = {isa = PBXBuildFile; fileRef = A2222222222222222222222A /* ConvertView.swift */; };
		A1111111111111111111111A /* HistoryView.swift in Sources */ = {isa = PBXBuildFile; fileRef = A2222222222222222222222B /* HistoryView.swift */; };
		A1111111111111111111111B /* SettingsView.swift in Sources */ = {isa = PBXBuildFile; fileRef = A2222222222222222222222C /* SettingsView.swift */; };
/* End PBXBuildFile section */

/* Begin PBXFileReference section */
		A00000000000000000000000 /* FileToPDF.app */ = {isa = PBXFileReference; explicitFileType = wrapper.application; includeInIndex = 0; path = FileToPDF.app; sourceTree = BUILT_PRODUCTS_DIR; };
		A22222222222222222222222 /* FileToPDFApp.swift */ = {isa = PBXFileReference; lastKnownFileType = sourcecode.swift; path = FileToPDFApp.swift; sourceTree = "<group>"; };
		A22222222222222222222223 /* ContentView.swift */ = {isa = PBXFileReference; lastKnownFileType = sourcecode.swift; path = ContentView.swift; sourceTree = "<group>"; };
		A22222222222222222222224 /* Assets.xcassets */ = {isa = PBXFileReference; lastKnownFileType = folder.assetcatalog; path = Assets.xcassets; sourceTree = "<group>"; };
		A22222222222222222222225 /* Config.swift */ = {isa = PBXFileReference; lastKnownFileType = sourcecode.swift; path = Config.swift; sourceTree = "<group>"; };
		A22222222222222222222226 /* Conversion.swift */ = {isa = PBXFileReference; lastKnownFileType = sourcecode.swift; path = Conversion.swift; sourceTree = "<group>"; };
		A22222222222222222222227 /* APIService.swift */ = {isa = PBXFileReference; lastKnownFileType = sourcecode.swift; path = APIService.swift; sourceTree = "<group>"; };
		A22222222222222222222228 /* FileService.swift */ = {isa = PBXFileReference; lastKnownFileType = sourcecode.swift; path = FileService.swift; sourceTree = "<group>"; };
		A22222222222222222222229 /* ConversionViewModel.swift */ = {isa = PBXFileReference; lastKnownFileType = sourcecode.swift; path = ConversionViewModel.swift; sourceTree = "<group>"; };
		A2222222222222222222222A /* ConvertView.swift */ = {isa = PBXFileReference; lastKnownFileType = sourcecode.swift; path = ConvertView.swift; sourceTree = "<group>"; };
		A2222222222222222222222B /* HistoryView.swift */ = {isa = PBXFileReference; lastKnownFileType = sourcecode.swift; path = HistoryView.swift; sourceTree = "<group>"; };
		A2222222222222222222222C /* SettingsView.swift */ = {isa = PBXFileReference; lastKnownFileType = sourcecode.swift; path = SettingsView.swift; sourceTree = "<group>"; };
		A2222222222222222222222D /* Info.plist */ = {isa = PBXFileReference; lastKnownFileType = text.plist.xml; path = Info.plist; sourceTree = "<group>"; };
/* End PBXFileReference section */

/* Begin PBXFrameworksBuildPhase section */
		A33333333333333333333333 /* Frameworks */ = {
			isa = PBXFrameworksBuildPhase;
			buildActionMask = 2147483647;
			files = (
			);
			runOnlyForDeploymentPostprocessing = 0;
		};
/* End PBXFrameworksBuildPhase section */

/* Begin PBXGroup section */
		A44444444444444444444444 = {
			isa = PBXGroup;
			children = (
				A55555555555555555555555 /* FileToPDF */,
				A66666666666666666666666 /* Products */,
			);
			sourceTree = "<group>";
		};
		A55555555555555555555555 /* FileToPDF */ = {
			isa = PBXGroup;
			children = (
				A22222222222222222222222 /* FileToPDFApp.swift */,
				A22222222222222222222225 /* Config.swift */,
				A77777777777777777777777 /* Models */,
				A88888888888888888888888 /* Services */,
				A99999999999999999999999 /* ViewModels */,
				AAAAAAAAAAAAAAAAAAAAAAA /* Views */,
				A22222222222222222222224 /* Assets.xcassets */,
				A2222222222222222222222D /* Info.plist */,
			);
			path = FileToPDF;
			sourceTree = "<group>";
		};
		A66666666666666666666666 /* Products */ = {
			isa = PBXGroup;
			children = (
				A00000000000000000000000 /* FileToPDF.app */,
			);
			name = Products;
			sourceTree = "<group>";
		};
		A77777777777777777777777 /* Models */ = {
			isa = PBXGroup;
			children = (
				A22222222222222222222226 /* Conversion.swift */,
			);
			path = Models;
			sourceTree = "<group>";
		};
		A88888888888888888888888 /* Services */ = {
			isa = PBXGroup;
			children = (
				A22222222222222222222227 /* APIService.swift */,
				A22222222222222222222228 /* FileService.swift */,
			);
			path = Services;
			sourceTree = "<group>";
		};
		A99999999999999999999999 /* ViewModels */ = {
			isa = PBXGroup;
			children = (
				A22222222222222222222229 /* ConversionViewModel.swift */,
			);
			path = ViewModels;
			sourceTree = "<group>";
		};
		AAAAAAAAAAAAAAAAAAAAAAA /* Views */ = {
			isa = PBXGroup;
			children = (
				A22222222222222222222223 /* ContentView.swift */,
				A2222222222222222222222A /* ConvertView.swift */,
				A2222222222222222222222B /* HistoryView.swift */,
				A2222222222222222222222C /* SettingsView.swift */,
			);
			path = Views;
			sourceTree = "<group>";
		};
/* End PBXGroup section */

/* Begin PBXNativeTarget section */
		BBBBBBBBBBBBBBBBBBBBBBB /* FileToPDF */ = {
			isa = PBXNativeTarget;
			buildConfigurationList = CCCCCCCCCCCCCCCCCCCCCCC /* Build configuration list for PBXNativeTarget "FileToPDF" */;
			buildPhases = (
				DDDDDDDDDDDDDDDDDDDDDDD /* Sources */,
				A33333333333333333333333 /* Frameworks */,
				EEEEEEEEEEEEEEEEEEEEEEE /* Resources */,
			);
			buildRules = (
			);
			dependencies = (
			);
			name = FileToPDF;
			productName = FileToPDF;
			productReference = A00000000000000000000000 /* FileToPDF.app */;
			productType = "com.apple.product-type.application";
		};
/* End PBXNativeTarget section */

/* Begin PBXProject section */
		FFFFFFFFFFFFFFFFFFFFFFFFFFF /* Project object */ = {
			isa = PBXProject;
			attributes = {
				BuildIndependentTargetsInParallel = 1;
				LastSwiftUpdateCheck = 1500;
				LastUpgradeCheck = 1500;
				TargetAttributes = {
					BBBBBBBBBBBBBBBBBBBBBBB = {
						CreatedOnToolsVersion = 15.0;
					};
				};
			};
			buildConfigurationList = 111111111111111111111111 /* Build configuration list for PBXProject "FileToPDF" */;
			compatibilityVersion = "Xcode 14.0";
			developmentRegion = en;
			hasScannedForEncodings = 0;
			knownRegions = (
				en,
				Base,
			);
			mainGroup = A44444444444444444444444;
			productRefGroup = A66666666666666666666666 /* Products */;
			projectDirPath = "";
			projectRoot = "";
			targets = (
				BBBBBBBBBBBBBBBBBBBBBBB /* FileToPDF */,
			);
		};
/* End PBXProject section */

/* Begin PBXResourcesBuildPhase section */
		EEEEEEEEEEEEEEEEEEEEEEE /* Resources */ = {
			isa = PBXResourcesBuildPhase;
			buildActionMask = 2147483647;
			files = (
				A11111111111111111111113 /* Assets.xcassets in Resources */,
			);
			runOnlyForDeploymentPostprocessing = 0;
		};
/* End PBXResourcesBuildPhase section */

/* Begin PBXSourcesBuildPhase section */
		DDDDDDDDDDDDDDDDDDDDDDD /* Sources */ = {
			isa = PBXSourcesBuildPhase;
			buildActionMask = 2147483647;
			files = (
				A11111111111111111111111 /* FileToPDFApp.swift in Sources */,
				A11111111111111111111112 /* ContentView.swift in Sources */,
				A11111111111111111111114 /* Config.swift in Sources */,
				A11111111111111111111115 /* Conversion.swift in Sources */,
				A11111111111111111111116 /* APIService.swift in Sources */,
				A11111111111111111111117 /* FileService.swift in Sources */,
				A11111111111111111111118 /* ConversionViewModel.swift in Sources */,
				A11111111111111111111119 /* ConvertView.swift in Sources */,
				A1111111111111111111111A /* HistoryView.swift in Sources */,
				A1111111111111111111111B /* SettingsView.swift in Sources */,
			);
			runOnlyForDeploymentPostprocessing = 0;
		};
/* End PBXSourcesBuildPhase section */

/* Begin XCBuildConfiguration section */
		222222222222222222222222 /* Debug */ = {
			isa = XCBuildConfiguration;
			buildSettings = {
				ALWAYS_SEARCH_USER_PATHS = NO;
				ASSETCATALOG_COMPILER_GENERATE_SWIFT_ASSET_SYMBOL_EXTENSIONS = YES;
				CLANG_ANALYZER_NONNULL = YES;
				CLANG_ANALYZER_NUMBER_OBJECT_CONVERSION = YES_AGGRESSIVE;
				CLANG_CXX_LANGUAGE_STANDARD = "gnu++20";
				CLANG_ENABLE_MODULES = YES;
				CLANG_ENABLE_OBJC_ARC = YES;
				CLANG_ENABLE_OBJC_WEAK = YES;
				CLANG_WARN_BLOCK_CAPTURE_AUTORELEASING = YES;
				CLANG_WARN_BOOL_CONVERSION = YES;
				CLANG_WARN_COMMA = YES;
				CLANG_WARN_CONSTANT_CONVERSION = YES;
				CLANG_WARN_DEPRECATED_OBJC_IMPLEMENTATIONS = YES;
				CLANG_WARN_DIRECT_OBJC_ISA_USAGE = YES_ERROR;
				CLANG_WARN_DOCUMENTATION_COMMENTS = YES;
				CLANG_WARN_EMPTY_BODY = YES;
				CLANG_WARN_ENUM_CONVERSION = YES;
				CLANG_WARN_INFINITE_RECURSION = YES;
				CLANG_WARN_INT_CONVERSION = YES;
				CLANG_WARN_NON_LITERAL_NULL_CONVERSION = YES;
				CLANG_WARN_OBJC_IMPLICIT_RETAIN_SELF = YES;
				CLANG_WARN_OBJC_LITERAL_CONVERSION = YES;
				CLANG_WARN_OBJC_ROOT_CLASS = YES_ERROR;
				CLANG_WARN_QUOTED_INCLUDE_IN_FRAMEWORK_HEADER = YES;
				CLANG_WARN_RANGE_LOOP_ANALYSIS = YES;
				CLANG_WARN_STRICT_PROTOTYPES = YES;
				CLANG_WARN_SUSPICIOUS_MOVE = YES;
				CLANG_WARN_UNGUARDED_AVAILABILITY = YES_AGGRESSIVE;
				CLANG_WARN_UNREACHABLE_CODE = YES;
				CLANG_WARN__DUPLICATE_METHOD_MATCH = YES;
				COPY_PHASE_STRIP = NO;
				DEBUG_INFORMATION_FORMAT = dwarf;
				ENABLE_STRICT_OBJC_MSGSEND = YES;
				ENABLE_TESTABILITY = YES;
				ENABLE_USER_SCRIPT_SANDBOXING = YES;
				GCC_C_LANGUAGE_STANDARD = gnu17;
				GCC_DYNAMIC_NO_PIC = NO;
				GCC_NO_COMMON_BLOCKS = YES;
				GCC_OPTIMIZATION_LEVEL = 0;
				GCC_PREPROCESSOR_DEFINITIONS = (
					"DEBUG=1",
					"$(inherited)",
				);
				GCC_WARN_64_TO_32_BIT_CONVERSION = YES;
				GCC_WARN_ABOUT_RETURN_TYPE = YES_ERROR;
				GCC_WARN_UNDECLARED_SELECTOR = YES;
				GCC_WARN_UNINITIALIZED_AUTOS = YES_AGGRESSIVE;
				GCC_WARN_UNUSED_FUNCTION = YES;
				GCC_WARN_UNUSED_VARIABLE = YES;
				IPHONEOS_DEPLOYMENT_TARGET = 17.0;
				LOCALIZATION_PREFERS_STRING_CATALOGS = YES;
				MTL_ENABLE_DEBUG_INFO = INCLUDE_SOURCE;
				MTL_FAST_MATH = YES;
				ONLY_ACTIVE_ARCH = YES;
				SDKROOT = iphoneos;
				SWIFT_ACTIVE_COMPILATION_CONDITIONS = "DEBUG $(inherited)";
				SWIFT_OPTIMIZATION_LEVEL = "-Onone";
			};
			name = Debug;
		};
		333333333333333333333333 /* Release */ = {
			isa = XCBuildConfiguration;
			buildSettings = {
				ALWAYS_SEARCH_USER_PATHS = NO;
				ASSETCATALOG_COMPILER_GENERATE_SWIFT_ASSET_SYMBOL_EXTENSIONS = YES;
				CLANG_ANALYZER_NONNULL = YES;
				CLANG_ANALYZER_NUMBER_OBJECT_CONVERSION = YES_AGGRESSIVE;
				CLANG_CXX_LANGUAGE_STANDARD = "gnu++20";
				CLANG_ENABLE_MODULES = YES;
				CLANG_ENABLE_OBJC_ARC = YES;
				CLANG_ENABLE_OBJC_WEAK = YES;
				CLANG_WARN_BLOCK_CAPTURE_AUTORELEASING = YES;
				CLANG_WARN_BOOL_CONVERSION = YES;
				CLANG_WARN_COMMA = YES;
				CLANG_WARN_CONSTANT_CONVERSION = YES;
				CLANG_WARN_DEPRECATED_OBJC_IMPLEMENTATIONS = YES;
				CLANG_WARN_DIRECT_OBJC_ISA_USAGE = YES_ERROR;
				CLANG_WARN_DOCUMENTATION_COMMENTS = YES;
				CLANG_WARN_EMPTY_BODY = YES;
				CLANG_WARN_ENUM_CONVERSION = YES;
				CLANG_WARN_INFINITE_RECURSION = YES;
				CLANG_WARN_INT_CONVERSION = YES;
				CLANG_WARN_NON_LITERAL_NULL_CONVERSION = YES;
				CLANG_WARN_OBJC_IMPLICIT_RETAIN_SELF = YES;
				CLANG_WARN_OBJC_LITERAL_CONVERSION = YES;
				CLANG_WARN_OBJC_ROOT_CLASS = YES_ERROR;
				CLANG_WARN_QUOTED_INCLUDE_IN_FRAMEWORK_HEADER = YES;
				CLANG_WARN_RANGE_LOOP_ANALYSIS = YES;
				CLANG_WARN_STRICT_PROTOTYPES = YES;
				CLANG_WARN_SUSPICIOUS_MOVE = YES;
				CLANG_WARN_UNGUARDED_AVAILABILITY = YES_AGGRESSIVE;
				CLANG_WARN_UNREACHABLE_CODE = YES;
				CLANG_WARN__DUPLICATE_METHOD_MATCH = YES;
				COPY_PHASE_STRIP = NO;
				DEBUG_INFORMATION_FORMAT = "dwarf-with-dsym";
				ENABLE_NS_ASSERTIONS = NO;
				ENABLE_STRICT_OBJC_MSGSEND = YES;
				ENABLE_USER_SCRIPT_SANDBOXING = YES;
				GCC_C_LANGUAGE_STANDARD = gnu17;
				GCC_NO_COMMON_BLOCKS = YES;
				GCC_WARN_64_TO_32_BIT_CONVERSION = YES;
				GCC_WARN_ABOUT_RETURN_TYPE = YES_ERROR;
				GCC_WARN_UNDECLARED_SELECTOR = YES;
				GCC_WARN_UNINITIALIZED_AUTOS = YES_AGGRESSIVE;
				GCC_WARN_UNUSED_FUNCTION = YES;
				GCC_WARN_UNUSED_VARIABLE = YES;
				IPHONEOS_DEPLOYMENT_TARGET = 17.0;
				LOCALIZATION_PREFERS_STRING_CATALOGS = YES;
				MTL_ENABLE_DEBUG_INFO = NO;
				MTL_FAST_MATH = YES;
				SDKROOT = iphoneos;
				SWIFT_COMPILATION_MODE = wholemodule;
				VALIDATE_PRODUCT = YES;
			};
			name = Release;
		};
		444444444444444444444444 /* Debug */ = {
			isa = XCBuildConfiguration;
			buildSettings = {
				ASSETCATALOG_COMPILER_APPICON_NAME = AppIcon;
				ASSETCATALOG_COMPILER_GLOBAL_ACCENT_COLOR_NAME = AccentColor;
				CODE_SIGN_STYLE = Automatic;
				CURRENT_PROJECT_VERSION = 1;
				DEVELOPMENT_TEAM = "";
				ENABLE_PREVIEWS = YES;
				GENERATE_INFOPLIST_FILE = YES;
				INFOPLIST_FILE = FileToPDF/Info.plist;
				INFOPLIST_KEY_CFBundleDisplayName = FileToPDF;
				INFOPLIST_KEY_LSApplicationCategoryType = "public.app-category.productivity";
				INFOPLIST_KEY_UIApplicationSceneManifest_Generation = YES;
				INFOPLIST_KEY_UIApplicationSupportsIndirectInputEvents = YES;
				INFOPLIST_KEY_UILaunchScreen_Generation = YES;
				INFOPLIST_KEY_UISupportedInterfaceOrientations_iPad = "UIInterfaceOrientationPortrait UIInterfaceOrientationPortraitUpsideDown UIInterfaceOrientationLandscapeLeft UIInterfaceOrientationLandscapeRight";
				INFOPLIST_KEY_UISupportedInterfaceOrientations_iPhone = "UIInterfaceOrientationPortrait UIInterfaceOrientationLandscapeLeft UIInterfaceOrientationLandscapeRight";
				LD_RUNPATH_SEARCH_PATHS = (
					"$(inherited)",
					"@executable_path/Frameworks",
				);
				MARKETING_VERSION = 1.0;
				PRODUCT_BUNDLE_IDENTIFIER = com.example.FileToPDF;
				PRODUCT_NAME = "$(TARGET_NAME)";
				SWIFT_EMIT_LOC_STRINGS = YES;
				SWIFT_VERSION = 5.0;
				TARGETED_DEVICE_FAMILY = "1,2";
			};
			name = Debug;
		};
		555555555555555555555555 /* Release */ = {
			isa = XCBuildConfiguration;
			buildSettings = {
				ASSETCATALOG_COMPILER_APPICON_NAME = AppIcon;
				ASSETCATALOG_COMPILER_GLOBAL_ACCENT_COLOR_NAME = AccentColor;
				CODE_SIGN_STYLE = Automatic;
				CURRENT_PROJECT_VERSION = 1;
				DEVELOPMENT_TEAM = "";
				ENABLE_PREVIEWS = YES;
				GENERATE_INFOPLIST_FILE = YES;
				INFOPLIST_FILE = FileToPDF/Info.plist;
				INFOPLIST_KEY_CFBundleDisplayName = FileToPDF;
				INFOPLIST_KEY_LSApplicationCategoryType = "public.app-category.productivity";
				INFOPLIST_KEY_UIApplicationSceneManifest_Generation = YES;
				INFOPLIST_KEY_UIApplicationSupportsIndirectInputEvents = YES;
				INFOPLIST_KEY_UILaunchScreen_Generation = YES;
				INFOPLIST_KEY_UISupportedInterfaceOrientations_iPad = "UIInterfaceOrientationPortrait UIInterfaceOrientationPortraitUpsideDown UIInterfaceOrientationLandscapeLeft UIInterfaceOrientationLandscapeRight";
				INFOPLIST_KEY_UISupportedInterfaceOrientations_iPhone = "UIInterfaceOrientationPortrait UIInterfaceOrientationLandscapeLeft UIInterfaceOrientationLandscapeRight";
				LD_RUNPATH_SEARCH_PATHS = (
					"$(inherited)",
					"@executable_path/Frameworks",
				);
				MARKETING_VERSION = 1.0;
				PRODUCT_BUNDLE_IDENTIFIER = com.example.FileToPDF;
				PRODUCT_NAME = "$(TARGET_NAME)";
				SWIFT_EMIT_LOC_STRINGS = YES;
				SWIFT_VERSION = 5.0;
				TARGETED_DEVICE_FAMILY = "1,2";
			};
			name = Release;
		};
/* End XCBuildConfiguration section */

/* Begin XCConfigurationList section */
		111111111111111111111111 /* Build configuration list for PBXProject "FileToPDF" */ = {
			isa = XCConfigurationList;
			buildConfigurations = (
				222222222222222222222222 /* Debug */,
				333333333333333333333333 /* Release */,
			);
			defaultConfigurationIsVisible = 0;
			defaultConfigurationName = Release;
		};
		CCCCCCCCCCCCCCCCCCCCCCC /* Build configuration list for PBXNativeTarget "FileToPDF" */ = {
			isa = XCConfigurationList;
			buildConfigurations = (
				444444444444444444444444 /* Debug */,
				555555555555555555555555 /* Release */,
			);
			defaultConfigurationIsVisible = 0;
			defaultConfigurationName = Release;
		};
/* End XCConfigurationList section */
	};
	rootObject = FFFFFFFFFFFFFFFFFFFFFFFFFFF /* Project object */;
}
